
Microsoft Visual Studio Solution File, Format Version 12.00
# Visual Studio Version 17
VisualStudioVersion = 17.9.34607.119
MinimumVisualStudioVersion = 10.0.40219.1
Project("{FAE04EC0-301F-11D3-BF4B-00C04F79EFBC}") = "ConsignmentShopUI", "ConsignmentShopUI\ConsignmentShopUI.csproj", "{6E153E7A-9EB8-4AC8-8FF4-651DC86A5E6E}"
EndProject
Global
	GlobalSection(SolutionConfigurationPlatforms) = preSolution
		Debug|Any CPU = Debug|Any CPU
		Release|Any CPU = Release|Any CPU
	EndGlobalSection
	GlobalSection(ProjectConfigurationPlatforms) = postSolution
		{6E153E7A-9EB8-4AC8-8FF4-651DC86A5E6E}.Debug|Any CPU.ActiveCfg = Debug|Any CPU
		{6E153E7A-9EB8-4AC8-8FF4-651DC86A5E6E}.Debug|Any CPU.Build.0 = Debug|Any CPU
		{6E153E7A-9EB8-4AC8-8FF4-651DC86A5E6E}.Release|Any CPU.ActiveCfg = Release|Any CPU
		{6E153E7A-9EB8-4AC8-8FF4-651DC86A5E6E}.Release|Any CPU.Build.0 = Release|Any CPU
	EndGlobalSection
	GlobalSection(SolutionProperties) = preSolution
		HideSolutionNode = FALSE
	EndGlobalSection
	GlobalSection(ExtensibilityGlobals) = postSolution
		SolutionGuid = {23CBF921-DCF9-4668-861A-3B5EE6ECFAE2}
	EndGlobalSection
EndGlobal
